// !$*UTF8*$!
{
	archiveVersion = 1;
	classes = {
	};
	objectVersion = 46;
	objects = {

/* Begin PBXBuildFile section */
		5831FA9919231211004C9390 /* ImageCollectionViewController.m in Sources */ = {isa = PBXBuildFile; fileRef = 5831FA9819231211004C9390 /* ImageCollectionViewController.m */; };
		5831FAA119244BDC004C9390 /* BounceButtonView.m in Sources */ = {isa = PBXBuildFile; fileRef = 5831FAA019244BDC004C9390 /* BounceButtonView.m */; };
		5848D2F618F4EF2B006C13D9 /* JournalViewController.m in Sources */ = {isa = PBXBuildFile; fileRef = 5848D2F418F4EF2B006C13D9 /* JournalViewController.m */; };
		5848D2F918F7BB57006C13D9 /* UIBarButtonCamera_2x.png in Resources */ = {isa = PBXBuildFile; fileRef = 5848D2F818F7BB57006C13D9 /* UIBarButtonCamera_2x.png */; };
		5848D2FB18F7C409006C13D9 /* UIBarButtonAdd_2x.png in Resources */ = {isa = PBXBuildFile; fileRef = 5848D2FA18F7C409006C13D9 /* UIBarButtonAdd_2x.png */; };
		584B3BF7190D92C300006AB1 /* Journal.m in Sources */ = {isa = PBXBuildFile; fileRef = 584B3BF6190D92C300006AB1 /* Journal.m */; };
		58590E5B190CE32600CA58B3 /* Photo.m in Sources */ = {isa = PBXBuildFile; fileRef = 58590E5A190CE32600CA58B3 /* Photo.m */; };
		586413FB18FC9A2300147180 /* JournalEntryMakerViewController.m in Sources */ = {isa = PBXBuildFile; fileRef = 586413F918FC9A2300147180 /* JournalEntryMakerViewController.m */; };
		587B77C419148DB80014348D /* DropPinMapViewController.m in Sources */ = {isa = PBXBuildFile; fileRef = 587B77C319148DB80014348D /* DropPinMapViewController.m */; };
		587B77C61914B1010014348D /* map_icon.png in Resources */ = {isa = PBXBuildFile; fileRef = 587B77C51914B1010014348D /* map_icon.png */; };
		587B77C81915FAB20014348D /* sky.png in Resources */ = {isa = PBXBuildFile; fileRef = 587B77C71915FAB20014348D /* sky.png */; };
		587B77CA1919FF660014348D /* sky_large.png in Resources */ = {isa = PBXBuildFile; fileRef = 587B77C91919FF660014348D /* sky_large.png */; };
		587B77CC191A00820014348D /* Images.xcassets in Resources */ = {isa = PBXBuildFile; fileRef = 587B77CB191A00820014348D /* Images.xcassets */; };
		587B77CF191A0B990014348D /* UIImage+ImageEffects.m in Sources */ = {isa = PBXBuildFile; fileRef = 587B77CE191A0B990014348D /* UIImage+ImageEffects.m */; };
		587EDD8618F8212000634925 /* TableViewController.m in Sources */ = {isa = PBXBuildFile; fileRef = 587EDD8518F8212000634925 /* TableViewController.m */; };
		58A0613118F8C5EC004959B0 /* User_Journal.plist in Resources */ = {isa = PBXBuildFile; fileRef = 58A0613018F8C5EC004959B0 /* User_Journal.plist */; };
		58A0613418F8CD67004959B0 /* WebViewController.m in Sources */ = {isa = PBXBuildFile; fileRef = 58A0613318F8CD67004959B0 /* WebViewController.m */; };
		58B28B3318EF99E700BBFCFE /* PlaceChildViewController.m in Sources */ = {isa = PBXBuildFile; fileRef = 58B28B3118EF99E700BBFCFE /* PlaceChildViewController.m */; };
		58B28B3418EF99E700BBFCFE /* PlaceChildViewController.xib in Resources */ = {isa = PBXBuildFile; fileRef = 58B28B3218EF99E700BBFCFE /* PlaceChildViewController.xib */; };
		58B28B3718EF9DA300BBFCFE /* PlaceViewController.m in Sources */ = {isa = PBXBuildFile; fileRef = 58B28B3618EF9DA300BBFCFE /* PlaceViewController.m */; };
		58B8B9A3190DD518009C8885 /* TableCell.m in Sources */ = {isa = PBXBuildFile; fileRef = 58B8B9A1190DD517009C8885 /* TableCell.m */; };
		58B8B9A4190DD518009C8885 /* TableCell.xib in Resources */ = {isa = PBXBuildFile; fileRef = 58B8B9A2190DD517009C8885 /* TableCell.xib */; };
		58C47FC319035092006406E2 /* CoreData.framework in Frameworks */ = {isa = PBXBuildFile; fileRef = 58C47FC219035092006406E2 /* CoreData.framework */; };
		58C47FC6190350FF006406E2 /* OssabawDataModel.xcdatamodeld in Sources */ = {isa = PBXBuildFile; fileRef = 58C47FC4190350FF006406E2 /* OssabawDataModel.xcdatamodeld */; };
		58CB1CEC18EFCA850098FEDE /* MapOverlay.m in Sources */ = {isa = PBXBuildFile; fileRef = 58CB1CEB18EFCA850098FEDE /* MapOverlay.m */; };
		58CB1CF518EFD5550098FEDE /* MapOverlayRenderer.m in Sources */ = {isa = PBXBuildFile; fileRef = 58CB1CF418EFD5550098FEDE /* MapOverlayRenderer.m */; };
		58CE6D3A18ED0F7A00D80D83 /* MapAnnotation.m in Sources */ = {isa = PBXBuildFile; fileRef = 58CE6D3918ED0F7A00D80D83 /* MapAnnotation.m */; };
		58F7F87518EB295C00BAFC4F /* Foundation.framework in Frameworks */ = {isa = PBXBuildFile; fileRef = 58F7F87418EB295C00BAFC4F /* Foundation.framework */; };
		58F7F87718EB295C00BAFC4F /* CoreGraphics.framework in Frameworks */ = {isa = PBXBuildFile; fileRef = 58F7F87618EB295C00BAFC4F /* CoreGraphics.framework */; };
		58F7F87918EB295C00BAFC4F /* UIKit.framework in Frameworks */ = {isa = PBXBuildFile; fileRef = 58F7F87818EB295C00BAFC4F /* UIKit.framework */; };
		58F7F87F18EB295C00BAFC4F /* InfoPlist.strings in Resources */ = {isa = PBXBuildFile; fileRef = 58F7F87D18EB295C00BAFC4F /* InfoPlist.strings */; };
		58F7F88118EB295C00BAFC4F /* main.m in Sources */ = {isa = PBXBuildFile; fileRef = 58F7F88018EB295C00BAFC4F /* main.m */; };
		58F7F88518EB295C00BAFC4F /* AppDelegate.m in Sources */ = {isa = PBXBuildFile; fileRef = 58F7F88418EB295C00BAFC4F /* AppDelegate.m */; };
		58F7F88818EB295C00BAFC4F /* Main.storyboard in Resources */ = {isa = PBXBuildFile; fileRef = 58F7F88618EB295C00BAFC4F /* Main.storyboard */; };
		58F7F88B18EB295C00BAFC4F /* MapViewController.m in Sources */ = {isa = PBXBuildFile; fileRef = 58F7F88A18EB295C00BAFC4F /* MapViewController.m */; };
		58F7F89718EB295C00BAFC4F /* XCTest.framework in Frameworks */ = {isa = PBXBuildFile; fileRef = 58F7F89618EB295C00BAFC4F /* XCTest.framework */; };
		58F7F89818EB295C00BAFC4F /* Foundation.framework in Frameworks */ = {isa = PBXBuildFile; fileRef = 58F7F87418EB295C00BAFC4F /* Foundation.framework */; };
		58F7F89918EB295C00BAFC4F /* UIKit.framework in Frameworks */ = {isa = PBXBuildFile; fileRef = 58F7F87818EB295C00BAFC4F /* UIKit.framework */; };
		58F7F8A118EB295C00BAFC4F /* InfoPlist.strings in Resources */ = {isa = PBXBuildFile; fileRef = 58F7F89F18EB295C00BAFC4F /* InfoPlist.strings */; };
		58F7F8A318EB295C00BAFC4F /* OssabawTests.m in Sources */ = {isa = PBXBuildFile; fileRef = 58F7F8A218EB295C00BAFC4F /* OssabawTests.m */; };
		58F7F8AD18EB2B0300BAFC4F /* MapKit.framework in Frameworks */ = {isa = PBXBuildFile; fileRef = 58F7F8AC18EB2B0300BAFC4F /* MapKit.framework */; };
		58F7F8B118EC6D1400BAFC4F /* Places.plist in Resources */ = {isa = PBXBuildFile; fileRef = 58F7F8B018EC6D1400BAFC4F /* Places.plist */; };
		58F7F8F118EC72B300BAFC4F /* alligators_icon.png in Resources */ = {isa = PBXBuildFile; fileRef = 58F7F8DD18EC72B200BAFC4F /* alligators_icon.png */; };
		58F7F8F218EC72B300BAFC4F /* alligators.png in Resources */ = {isa = PBXBuildFile; fileRef = 58F7F8DE18EC72B200BAFC4F /* alligators.png */; };
		58F7F8F318EC72B300BAFC4F /* bg.png in Resources */ = {isa = PBXBuildFile; fileRef = 58F7F8DF18EC72B200BAFC4F /* bg.png */; };
		58F7F8F418EC72B300BAFC4F /* boardinghouse_icon.png in Resources */ = {isa = PBXBuildFile; fileRef = 58F7F8E018EC72B200BAFC4F /* boardinghouse_icon.png */; };
		58F7F8F518EC72B300BAFC4F /* boardinghouse.png in Resources */ = {isa = PBXBuildFile; fileRef = 58F7F8E118EC72B200BAFC4F /* boardinghouse.png */; };
		58F7F8F618EC72B300BAFC4F /* clubhouse_icon.png in Resources */ = {isa = PBXBuildFile; fileRef = 58F7F8E218EC72B200BAFC4F /* clubhouse_icon.png */; };
		58F7F8F718EC72B300BAFC4F /* clubhouse.png in Resources */ = {isa = PBXBuildFile; fileRef = 58F7F8E318EC72B200BAFC4F /* clubhouse.png */; };
		58F7F8F818EC72B300BAFC4F /* mainroad_icon.png in Resources */ = {isa = PBXBuildFile; fileRef = 58F7F8E418EC72B200BAFC4F /* mainroad_icon.png */; };
		58F7F8F918EC72B300BAFC4F /* mainroad.png in Resources */ = {isa = PBXBuildFile; fileRef = 58F7F8E518EC72B200BAFC4F /* mainroad.png */; };
		58F7F8FA18EC72B300BAFC4F /* map.png in Resources */ = {isa = PBXBuildFile; fileRef = 58F7F8E618EC72B200BAFC4F /* map.png */; };
		58F7F8FB18EC72B300BAFC4F /* middlebeach_icon.png in Resources */ = {isa = PBXBuildFile; fileRef = 58F7F8E718EC72B300BAFC4F /* middlebeach_icon.png */; };
		58F7F8FC18EC72B300BAFC4F /* middlebeach.png in Resources */ = {isa = PBXBuildFile; fileRef = 58F7F8E818EC72B300BAFC4F /* middlebeach.png */; };
		58F7F8FD18EC72B300BAFC4F /* middleplace_icon.png in Resources */ = {isa = PBXBuildFile; fileRef = 58F7F8E918EC72B300BAFC4F /* middleplace_icon.png */; };
		58F7F8FE18EC72B300BAFC4F /* middleplace.png in Resources */ = {isa = PBXBuildFile; fileRef = 58F7F8EA18EC72B300BAFC4F /* middleplace.png */; };
		58F7F8FF18EC72B300BAFC4F /* rookery_icon.png in Resources */ = {isa = PBXBuildFile; fileRef = 58F7F8EB18EC72B300BAFC4F /* rookery_icon.png */; };
		58F7F90018EC72B300BAFC4F /* rookery.png in Resources */ = {isa = PBXBuildFile; fileRef = 58F7F8EC18EC72B300BAFC4F /* rookery.png */; };
		58F7F90118EC72B300BAFC4F /* slavetabbies_icon.png in Resources */ = {isa = PBXBuildFile; fileRef = 58F7F8ED18EC72B300BAFC4F /* slavetabbies_icon.png */; };
		58F7F90218EC72B300BAFC4F /* slavetabbies.png in Resources */ = {isa = PBXBuildFile; fileRef = 58F7F8EE18EC72B300BAFC4F /* slavetabbies.png */; };
		58F7F90318EC72B300BAFC4F /* southbeach_icon.png in Resources */ = {isa = PBXBuildFile; fileRef = 58F7F8EF18EC72B300BAFC4F /* southbeach_icon.png */; };
		58F7F90418EC72B300BAFC4F /* southbeach.png in Resources */ = {isa = PBXBuildFile; fileRef = 58F7F8F018EC72B300BAFC4F /* southbeach.png */; };
		BDD0455FCB0A4D9783D67C18 /* libPods.a in Frameworks */ = {isa = PBXBuildFile; fileRef = 47D2F40EDD264580ABF3691D /* libPods.a */; };
/* End PBXBuildFile section */

/* Begin PBXContainerItemProxy section */
		58F7F89A18EB295C00BAFC4F /* PBXContainerItemProxy */ = {
			isa = PBXContainerItemProxy;
			containerPortal = 58F7F86918EB295C00BAFC4F /* Project object */;
			proxyType = 1;
			remoteGlobalIDString = 58F7F87018EB295C00BAFC4F;
			remoteInfo = Ossabaw;
		};
/* End PBXContainerItemProxy section */

/* Begin PBXFileReference section */
		47D2F40EDD264580ABF3691D /* libPods.a */ = {isa = PBXFileReference; explicitFileType = archive.ar; includeInIndex = 0; path = libPods.a; sourceTree = BUILT_PRODUCTS_DIR; };
		5831FA9719231211004C9390 /* ImageCollectionViewController.h */ = {isa = PBXFileReference; fileEncoding = 4; lastKnownFileType = sourcecode.c.h; path = ImageCollectionViewController.h; sourceTree = "<group>"; };
		5831FA9819231211004C9390 /* ImageCollectionViewController.m */ = {isa = PBXFileReference; fileEncoding = 4; lastKnownFileType = sourcecode.c.objc; path = ImageCollectionViewController.m; sourceTree = "<group>"; };
		5831FA9F19244BDC004C9390 /* BounceButtonView.h */ = {isa = PBXFileReference; fileEncoding = 4; lastKnownFileType = sourcecode.c.h; path = BounceButtonView.h; sourceTree = "<group>"; };
		5831FAA019244BDC004C9390 /* BounceButtonView.m */ = {isa = PBXFileReference; fileEncoding = 4; lastKnownFileType = sourcecode.c.objc; path = BounceButtonView.m; sourceTree = "<group>"; };
		5848D2F318F4EF2B006C13D9 /* JournalViewController.h */ = {isa = PBXFileReference; fileEncoding = 4; lastKnownFileType = sourcecode.c.h; path = JournalViewController.h; sourceTree = "<group>"; };
		5848D2F418F4EF2B006C13D9 /* JournalViewController.m */ = {isa = PBXFileReference; fileEncoding = 4; lastKnownFileType = sourcecode.c.objc; path = JournalViewController.m; sourceTree = "<group>"; };
		5848D2F818F7BB57006C13D9 /* UIBarButtonCamera_2x.png */ = {isa = PBXFileReference; lastKnownFileType = image.png; path = UIBarButtonCamera_2x.png; sourceTree = "<group>"; };
		5848D2FA18F7C409006C13D9 /* UIBarButtonAdd_2x.png */ = {isa = PBXFileReference; lastKnownFileType = image.png; path = UIBarButtonAdd_2x.png; sourceTree = "<group>"; };
		584B3BF5190D92C300006AB1 /* Journal.h */ = {isa = PBXFileReference; fileEncoding = 4; lastKnownFileType = sourcecode.c.h; path = Journal.h; sourceTree = "<group>"; };
		584B3BF6190D92C300006AB1 /* Journal.m */ = {isa = PBXFileReference; fileEncoding = 4; lastKnownFileType = sourcecode.c.objc; path = Journal.m; sourceTree = "<group>"; };
		58590E59190CE32600CA58B3 /* Photo.h */ = {isa = PBXFileReference; fileEncoding = 4; lastKnownFileType = sourcecode.c.h; path = Photo.h; sourceTree = "<group>"; };
		58590E5A190CE32600CA58B3 /* Photo.m */ = {isa = PBXFileReference; fileEncoding = 4; lastKnownFileType = sourcecode.c.objc; path = Photo.m; sourceTree = "<group>"; };
		586413F818FC9A2300147180 /* JournalEntryMakerViewController.h */ = {isa = PBXFileReference; fileEncoding = 4; lastKnownFileType = sourcecode.c.h; path = JournalEntryMakerViewController.h; sourceTree = "<group>"; };
		586413F918FC9A2300147180 /* JournalEntryMakerViewController.m */ = {isa = PBXFileReference; fileEncoding = 4; lastKnownFileType = sourcecode.c.objc; path = JournalEntryMakerViewController.m; sourceTree = "<group>"; };
		587B77C219148DB80014348D /* DropPinMapViewController.h */ = {isa = PBXFileReference; fileEncoding = 4; lastKnownFileType = sourcecode.c.h; path = DropPinMapViewController.h; sourceTree = "<group>"; };
		587B77C319148DB80014348D /* DropPinMapViewController.m */ = {isa = PBXFileReference; fileEncoding = 4; lastKnownFileType = sourcecode.c.objc; path = DropPinMapViewController.m; sourceTree = "<group>"; };
		587B77C51914B1010014348D /* map_icon.png */ = {isa = PBXFileReference; lastKnownFileType = image.png; path = map_icon.png; sourceTree = "<group>"; };
		587B77C71915FAB20014348D /* sky.png */ = {isa = PBXFileReference; lastKnownFileType = image.png; path = sky.png; sourceTree = "<group>"; };
		587B77C91919FF660014348D /* sky_large.png */ = {isa = PBXFileReference; lastKnownFileType = image.png; path = sky_large.png; sourceTree = "<group>"; };
		587B77CB191A00820014348D /* Images.xcassets */ = {isa = PBXFileReference; lastKnownFileType = folder.assetcatalog; path = Images.xcassets; sourceTree = "<group>"; };
		587B77CD191A0B990014348D /* UIImage+ImageEffects.h */ = {isa = PBXFileReference; fileEncoding = 4; lastKnownFileType = sourcecode.c.h; path = "UIImage+ImageEffects.h"; sourceTree = "<group>"; };
		587B77CE191A0B990014348D /* UIImage+ImageEffects.m */ = {isa = PBXFileReference; fileEncoding = 4; lastKnownFileType = sourcecode.c.objc; path = "UIImage+ImageEffects.m"; sourceTree = "<group>"; };
		587EDD8418F8212000634925 /* TableViewController.h */ = {isa = PBXFileReference; fileEncoding = 4; lastKnownFileType = sourcecode.c.h; path = TableViewController.h; sourceTree = "<group>"; };
		587EDD8518F8212000634925 /* TableViewController.m */ = {isa = PBXFileReference; fileEncoding = 4; lastKnownFileType = sourcecode.c.objc; path = TableViewController.m; sourceTree = "<group>"; };
		58A0613018F8C5EC004959B0 /* User_Journal.plist */ = {isa = PBXFileReference; fileEncoding = 4; lastKnownFileType = text.plist.xml; path = User_Journal.plist; sourceTree = "<group>"; };
		58A0613218F8CD67004959B0 /* WebViewController.h */ = {isa = PBXFileReference; fileEncoding = 4; lastKnownFileType = sourcecode.c.h; path = WebViewController.h; sourceTree = "<group>"; };
		58A0613318F8CD67004959B0 /* WebViewController.m */ = {isa = PBXFileReference; fileEncoding = 4; lastKnownFileType = sourcecode.c.objc; path = WebViewController.m; sourceTree = "<group>"; };
		58B28B3018EF99E700BBFCFE /* PlaceChildViewController.h */ = {isa = PBXFileReference; fileEncoding = 4; lastKnownFileType = sourcecode.c.h; path = PlaceChildViewController.h; sourceTree = "<group>"; };
		58B28B3118EF99E700BBFCFE /* PlaceChildViewController.m */ = {isa = PBXFileReference; fileEncoding = 4; lastKnownFileType = sourcecode.c.objc; path = PlaceChildViewController.m; sourceTree = "<group>"; };
		58B28B3218EF99E700BBFCFE /* PlaceChildViewController.xib */ = {isa = PBXFileReference; fileEncoding = 4; lastKnownFileType = file.xib; path = PlaceChildViewController.xib; sourceTree = "<group>"; };
		58B28B3518EF9DA300BBFCFE /* PlaceViewController.h */ = {isa = PBXFileReference; fileEncoding = 4; lastKnownFileType = sourcecode.c.h; path = PlaceViewController.h; sourceTree = "<group>"; };
		58B28B3618EF9DA300BBFCFE /* PlaceViewController.m */ = {isa = PBXFileReference; fileEncoding = 4; lastKnownFileType = sourcecode.c.objc; path = PlaceViewController.m; sourceTree = "<group>"; };
		58B8B9A0190DD517009C8885 /* TableCell.h */ = {isa = PBXFileReference; fileEncoding = 4; lastKnownFileType = sourcecode.c.h; path = TableCell.h; sourceTree = "<group>"; };
		58B8B9A1190DD517009C8885 /* TableCell.m */ = {isa = PBXFileReference; fileEncoding = 4; lastKnownFileType = sourcecode.c.objc; path = TableCell.m; sourceTree = "<group>"; };
		58B8B9A2190DD517009C8885 /* TableCell.xib */ = {isa = PBXFileReference; fileEncoding = 4; lastKnownFileType = file.xib; path = TableCell.xib; sourceTree = "<group>"; };
		58C47FC219035092006406E2 /* CoreData.framework */ = {isa = PBXFileReference; lastKnownFileType = wrapper.framework; name = CoreData.framework; path = System/Library/Frameworks/CoreData.framework; sourceTree = SDKROOT; };
		58C47FC5190350FF006406E2 /* OssabawDataModel.xcdatamodel */ = {isa = PBXFileReference; lastKnownFileType = wrapper.xcdatamodel; path = OssabawDataModel.xcdatamodel; sourceTree = "<group>"; };
		58CB1CEA18EFCA850098FEDE /* MapOverlay.h */ = {isa = PBXFileReference; fileEncoding = 4; lastKnownFileType = sourcecode.c.h; path = MapOverlay.h; sourceTree = "<group>"; };
		58CB1CEB18EFCA850098FEDE /* MapOverlay.m */ = {isa = PBXFileReference; fileEncoding = 4; lastKnownFileType = sourcecode.c.objc; path = MapOverlay.m; sourceTree = "<group>"; };
		58CB1CF318EFD5550098FEDE /* MapOverlayRenderer.h */ = {isa = PBXFileReference; fileEncoding = 4; lastKnownFileType = sourcecode.c.h; path = MapOverlayRenderer.h; sourceTree = "<group>"; };
		58CB1CF418EFD5550098FEDE /* MapOverlayRenderer.m */ = {isa = PBXFileReference; fileEncoding = 4; lastKnownFileType = sourcecode.c.objc; path = MapOverlayRenderer.m; sourceTree = "<group>"; };
		58CE6D3818ED0F7A00D80D83 /* MapAnnotation.h */ = {isa = PBXFileReference; fileEncoding = 4; lastKnownFileType = sourcecode.c.h; path = MapAnnotation.h; sourceTree = "<group>"; };
		58CE6D3918ED0F7A00D80D83 /* MapAnnotation.m */ = {isa = PBXFileReference; fileEncoding = 4; lastKnownFileType = sourcecode.c.objc; path = MapAnnotation.m; sourceTree = "<group>"; };
		58F7F87118EB295C00BAFC4F /* Ossabaw.app */ = {isa = PBXFileReference; explicitFileType = wrapper.application; includeInIndex = 0; path = Ossabaw.app; sourceTree = BUILT_PRODUCTS_DIR; };
		58F7F87418EB295C00BAFC4F /* Foundation.framework */ = {isa = PBXFileReference; lastKnownFileType = wrapper.framework; name = Foundation.framework; path = System/Library/Frameworks/Foundation.framework; sourceTree = SDKROOT; };
		58F7F87618EB295C00BAFC4F /* CoreGraphics.framework */ = {isa = PBXFileReference; lastKnownFileType = wrapper.framework; name = CoreGraphics.framework; path = System/Library/Frameworks/CoreGraphics.framework; sourceTree = SDKROOT; };
		58F7F87818EB295C00BAFC4F /* UIKit.framework */ = {isa = PBXFileReference; lastKnownFileType = wrapper.framework; name = UIKit.framework; path = System/Library/Frameworks/UIKit.framework; sourceTree = SDKROOT; };
		58F7F87C18EB295C00BAFC4F /* Ossabaw-Info.plist */ = {isa = PBXFileReference; lastKnownFileType = text.plist.xml; path = "Ossabaw-Info.plist"; sourceTree = "<group>"; };
		58F7F87E18EB295C00BAFC4F /* en */ = {isa = PBXFileReference; lastKnownFileType = text.plist.strings; name = en; path = en.lproj/InfoPlist.strings; sourceTree = "<group>"; };
		58F7F88018EB295C00BAFC4F /* main.m */ = {isa = PBXFileReference; lastKnownFileType = sourcecode.c.objc; path = main.m; sourceTree = "<group>"; };
		58F7F88218EB295C00BAFC4F /* Ossabaw-Prefix.pch */ = {isa = PBXFileReference; lastKnownFileType = sourcecode.c.h; path = "Ossabaw-Prefix.pch"; sourceTree = "<group>"; };
		58F7F88318EB295C00BAFC4F /* AppDelegate.h */ = {isa = PBXFileReference; lastKnownFileType = sourcecode.c.h; path = AppDelegate.h; sourceTree = "<group>"; };
		58F7F88418EB295C00BAFC4F /* AppDelegate.m */ = {isa = PBXFileReference; lastKnownFileType = sourcecode.c.objc; path = AppDelegate.m; sourceTree = "<group>"; };
		58F7F88718EB295C00BAFC4F /* Base */ = {isa = PBXFileReference; lastKnownFileType = file.storyboard; name = Base; path = Base.lproj/Main.storyboard; sourceTree = "<group>"; };
		58F7F88918EB295C00BAFC4F /* MapViewController.h */ = {isa = PBXFileReference; lastKnownFileType = sourcecode.c.h; path = MapViewController.h; sourceTree = "<group>"; };
		58F7F88A18EB295C00BAFC4F /* MapViewController.m */ = {isa = PBXFileReference; lastKnownFileType = sourcecode.c.objc; path = MapViewController.m; sourceTree = "<group>"; };
		58F7F89518EB295C00BAFC4F /* OssabawTests.xctest */ = {isa = PBXFileReference; explicitFileType = wrapper.cfbundle; includeInIndex = 0; path = OssabawTests.xctest; sourceTree = BUILT_PRODUCTS_DIR; };
		58F7F89618EB295C00BAFC4F /* XCTest.framework */ = {isa = PBXFileReference; lastKnownFileType = wrapper.framework; name = XCTest.framework; path = Library/Frameworks/XCTest.framework; sourceTree = DEVELOPER_DIR; };
		58F7F89E18EB295C00BAFC4F /* OssabawTests-Info.plist */ = {isa = PBXFileReference; lastKnownFileType = text.plist.xml; path = "OssabawTests-Info.plist"; sourceTree = "<group>"; };
		58F7F8A018EB295C00BAFC4F /* en */ = {isa = PBXFileReference; lastKnownFileType = text.plist.strings; name = en; path = en.lproj/InfoPlist.strings; sourceTree = "<group>"; };
		58F7F8A218EB295C00BAFC4F /* OssabawTests.m */ = {isa = PBXFileReference; lastKnownFileType = sourcecode.c.objc; path = OssabawTests.m; sourceTree = "<group>"; };
		58F7F8AC18EB2B0300BAFC4F /* MapKit.framework */ = {isa = PBXFileReference; lastKnownFileType = wrapper.framework; name = MapKit.framework; path = System/Library/Frameworks/MapKit.framework; sourceTree = SDKROOT; };
		58F7F8B018EC6D1400BAFC4F /* Places.plist */ = {isa = PBXFileReference; fileEncoding = 4; lastKnownFileType = text.plist.xml; path = Places.plist; sourceTree = "<group>"; };
		58F7F8DD18EC72B200BAFC4F /* alligators_icon.png */ = {isa = PBXFileReference; lastKnownFileType = image.png; name = alligators_icon.png; path = Images/alligators_icon.png; sourceTree = SOURCE_ROOT; };
		58F7F8DE18EC72B200BAFC4F /* alligators.png */ = {isa = PBXFileReference; lastKnownFileType = image.png; name = alligators.png; path = Images/alligators.png; sourceTree = SOURCE_ROOT; };
		58F7F8DF18EC72B200BAFC4F /* bg.png */ = {isa = PBXFileReference; lastKnownFileType = image.png; name = bg.png; path = Images/bg.png; sourceTree = SOURCE_ROOT; };
		58F7F8E018EC72B200BAFC4F /* boardinghouse_icon.png */ = {isa = PBXFileReference; lastKnownFileType = image.png; name = boardinghouse_icon.png; path = Images/boardinghouse_icon.png; sourceTree = SOURCE_ROOT; };
		58F7F8E118EC72B200BAFC4F /* boardinghouse.png */ = {isa = PBXFileReference; lastKnownFileType = image.png; name = boardinghouse.png; path = Images/boardinghouse.png; sourceTree = SOURCE_ROOT; };
		58F7F8E218EC72B200BAFC4F /* clubhouse_icon.png */ = {isa = PBXFileReference; lastKnownFileType = image.png; name = clubhouse_icon.png; path = Images/clubhouse_icon.png; sourceTree = SOURCE_ROOT; };
		58F7F8E318EC72B200BAFC4F /* clubhouse.png */ = {isa = PBXFileReference; lastKnownFileType = image.png; name = clubhouse.png; path = Images/clubhouse.png; sourceTree = SOURCE_ROOT; };
		58F7F8E418EC72B200BAFC4F /* mainroad_icon.png */ = {isa = PBXFileReference; lastKnownFileType = image.png; name = mainroad_icon.png; path = Images/mainroad_icon.png; sourceTree = SOURCE_ROOT; };
		58F7F8E518EC72B200BAFC4F /* mainroad.png */ = {isa = PBXFileReference; lastKnownFileType = image.png; name = mainroad.png; path = Images/mainroad.png; sourceTree = SOURCE_ROOT; };
		58F7F8E618EC72B200BAFC4F /* map.png */ = {isa = PBXFileReference; lastKnownFileType = image.png; name = map.png; path = Images/map.png; sourceTree = SOURCE_ROOT; };
		58F7F8E718EC72B300BAFC4F /* middlebeach_icon.png */ = {isa = PBXFileReference; lastKnownFileType = image.png; name = middlebeach_icon.png; path = Images/middlebeach_icon.png; sourceTree = SOURCE_ROOT; };
		58F7F8E818EC72B300BAFC4F /* middlebeach.png */ = {isa = PBXFileReference; lastKnownFileType = image.png; name = middlebeach.png; path = Images/middlebeach.png; sourceTree = SOURCE_ROOT; };
		58F7F8E918EC72B300BAFC4F /* middleplace_icon.png */ = {isa = PBXFileReference; lastKnownFileType = image.png; name = middleplace_icon.png; path = Images/middleplace_icon.png; sourceTree = SOURCE_ROOT; };
		58F7F8EA18EC72B300BAFC4F /* middleplace.png */ = {isa = PBXFileReference; lastKnownFileType = image.png; name = middleplace.png; path = Images/middleplace.png; sourceTree = SOURCE_ROOT; };
		58F7F8EB18EC72B300BAFC4F /* rookery_icon.png */ = {isa = PBXFileReference; lastKnownFileType = image.png; name = rookery_icon.png; path = Images/rookery_icon.png; sourceTree = SOURCE_ROOT; };
		58F7F8EC18EC72B300BAFC4F /* rookery.png */ = {isa = PBXFileReference; lastKnownFileType = image.png; name = rookery.png; path = Images/rookery.png; sourceTree = SOURCE_ROOT; };
		58F7F8ED18EC72B300BAFC4F /* slavetabbies_icon.png */ = {isa = PBXFileReference; lastKnownFileType = image.png; name = slavetabbies_icon.png; path = Images/slavetabbies_icon.png; sourceTree = SOURCE_ROOT; };
		58F7F8EE18EC72B300BAFC4F /* slavetabbies.png */ = {isa = PBXFileReference; lastKnownFileType = image.png; name = slavetabbies.png; path = Images/slavetabbies.png; sourceTree = SOURCE_ROOT; };
		58F7F8EF18EC72B300BAFC4F /* southbeach_icon.png */ = {isa = PBXFileReference; lastKnownFileType = image.png; name = southbeach_icon.png; path = Images/southbeach_icon.png; sourceTree = SOURCE_ROOT; };
		58F7F8F018EC72B300BAFC4F /* southbeach.png */ = {isa = PBXFileReference; lastKnownFileType = image.png; name = southbeach.png; path = Images/southbeach.png; sourceTree = SOURCE_ROOT; };
		96FF410898EF4A96ABAD71E5 /* Pods.xcconfig */ = {isa = PBXFileReference; includeInIndex = 1; lastKnownFileType = text.xcconfig; name = Pods.xcconfig; path = Pods/Pods.xcconfig; sourceTree = "<group>"; };
/* End PBXFileReference section */

/* Begin PBXFrameworksBuildPhase section */
		58F7F86E18EB295C00BAFC4F /* Frameworks */ = {
			isa = PBXFrameworksBuildPhase;
			buildActionMask = 2147483647;
			files = (
				58C47FC319035092006406E2 /* CoreData.framework in Frameworks */,
				58F7F8AD18EB2B0300BAFC4F /* MapKit.framework in Frameworks */,
				58F7F87718EB295C00BAFC4F /* CoreGraphics.framework in Frameworks */,
				58F7F87918EB295C00BAFC4F /* UIKit.framework in Frameworks */,
				58F7F87518EB295C00BAFC4F /* Foundation.framework in Frameworks */,
				BDD0455FCB0A4D9783D67C18 /* libPods.a in Frameworks */,
			);
			runOnlyForDeploymentPostprocessing = 0;
		};
		58F7F89218EB295C00BAFC4F /* Frameworks */ = {
			isa = PBXFrameworksBuildPhase;
			buildActionMask = 2147483647;
			files = (
				58F7F89718EB295C00BAFC4F /* XCTest.framework in Frameworks */,
				58F7F89918EB295C00BAFC4F /* UIKit.framework in Frameworks */,
				58F7F89818EB295C00BAFC4F /* Foundation.framework in Frameworks */,
			);
			runOnlyForDeploymentPostprocessing = 0;
		};
/* End PBXFrameworksBuildPhase section */

/* Begin PBXGroup section */
		58590E57190CBA8200CA58B3 /* Model and Model Classes */ = {
			isa = PBXGroup;
			children = (
				58C47FC4190350FF006406E2 /* OssabawDataModel.xcdatamodeld */,
				58590E59190CE32600CA58B3 /* Photo.h */,
				58590E5A190CE32600CA58B3 /* Photo.m */,
				584B3BF5190D92C300006AB1 /* Journal.h */,
				584B3BF6190D92C300006AB1 /* Journal.m */,
			);
			name = "Model and Model Classes";
			sourceTree = "<group>";
		};
		5867EE841907400A00803413 /* Map */ = {
			isa = PBXGroup;
			children = (
				58CE6D3818ED0F7A00D80D83 /* MapAnnotation.h */,
				58CE6D3918ED0F7A00D80D83 /* MapAnnotation.m */,
				58CB1CEA18EFCA850098FEDE /* MapOverlay.h */,
				58CB1CEB18EFCA850098FEDE /* MapOverlay.m */,
				58CB1CF318EFD5550098FEDE /* MapOverlayRenderer.h */,
				58CB1CF418EFD5550098FEDE /* MapOverlayRenderer.m */,
				58F7F88918EB295C00BAFC4F /* MapViewController.h */,
				58F7F88A18EB295C00BAFC4F /* MapViewController.m */,
			);
			name = Map;
			sourceTree = "<group>";
		};
		5867EE851907402A00803413 /* Table */ = {
			isa = PBXGroup;
			children = (
				587EDD8418F8212000634925 /* TableViewController.h */,
				587EDD8518F8212000634925 /* TableViewController.m */,
				58B8B9A0190DD517009C8885 /* TableCell.h */,
				58B8B9A1190DD517009C8885 /* TableCell.m */,
				58A0613218F8CD67004959B0 /* WebViewController.h */,
				58A0613318F8CD67004959B0 /* WebViewController.m */,
			);
			name = Table;
			sourceTree = "<group>";
		};
		5867EE861907404C00803413 /* Pages */ = {
			isa = PBXGroup;
			children = (
				58B28B3018EF99E700BBFCFE /* PlaceChildViewController.h */,
				58B28B3118EF99E700BBFCFE /* PlaceChildViewController.m */,
				58B28B3518EF9DA300BBFCFE /* PlaceViewController.h */,
				58B28B3618EF9DA300BBFCFE /* PlaceViewController.m */,
			);
			name = Pages;
			sourceTree = "<group>";
		};
		5867EE871907405A00803413 /* Journal */ = {
			isa = PBXGroup;
			children = (
				586413F818FC9A2300147180 /* JournalEntryMakerViewController.h */,
				586413F918FC9A2300147180 /* JournalEntryMakerViewController.m */,
				5848D2F318F4EF2B006C13D9 /* JournalViewController.h */,
				5848D2F418F4EF2B006C13D9 /* JournalViewController.m */,
				587B77C219148DB80014348D /* DropPinMapViewController.h */,
				587B77C319148DB80014348D /* DropPinMapViewController.m */,
				5831FA9719231211004C9390 /* ImageCollectionViewController.h */,
				5831FA9819231211004C9390 /* ImageCollectionViewController.m */,
				5831FA9F19244BDC004C9390 /* BounceButtonView.h */,
				5831FAA019244BDC004C9390 /* BounceButtonView.m */,
			);
			name = Journal;
			sourceTree = "<group>";
		};
		58F7F86818EB295C00BAFC4F = {
			isa = PBXGroup;
			children = (
				58F7F87A18EB295C00BAFC4F /* Ossabaw */,
				58F7F89C18EB295C00BAFC4F /* OssabawTests */,
				58F7F87318EB295C00BAFC4F /* Frameworks */,
				58F7F87218EB295C00BAFC4F /* Products */,
				96FF410898EF4A96ABAD71E5 /* Pods.xcconfig */,
			);
			sourceTree = "<group>";
		};
		58F7F87218EB295C00BAFC4F /* Products */ = {
			isa = PBXGroup;
			children = (
				58F7F87118EB295C00BAFC4F /* Ossabaw.app */,
				58F7F89518EB295C00BAFC4F /* OssabawTests.xctest */,
			);
			name = Products;
			sourceTree = "<group>";
		};
		58F7F87318EB295C00BAFC4F /* Frameworks */ = {
			isa = PBXGroup;
			children = (
				58C47FC219035092006406E2 /* CoreData.framework */,
				58F7F8AC18EB2B0300BAFC4F /* MapKit.framework */,
				58F7F87418EB295C00BAFC4F /* Foundation.framework */,
				58F7F87618EB295C00BAFC4F /* CoreGraphics.framework */,
				58F7F87818EB295C00BAFC4F /* UIKit.framework */,
				58F7F89618EB295C00BAFC4F /* XCTest.framework */,
				47D2F40EDD264580ABF3691D /* libPods.a */,
			);
			name = Frameworks;
			sourceTree = "<group>";
		};
		58F7F87A18EB295C00BAFC4F /* Ossabaw */ = {
			isa = PBXGroup;
			children = (
				58F7F88318EB295C00BAFC4F /* AppDelegate.h */,
				58F7F88418EB295C00BAFC4F /* AppDelegate.m */,
				587B77CD191A0B990014348D /* UIImage+ImageEffects.h */,
				587B77CE191A0B990014348D /* UIImage+ImageEffects.m */,
				58590E57190CBA8200CA58B3 /* Model and Model Classes */,
				5867EE871907405A00803413 /* Journal */,
				5867EE841907400A00803413 /* Map */,
				5867EE861907404C00803413 /* Pages */,
				5867EE851907402A00803413 /* Table */,
				58F7F90618EC7A3200BAFC4F /* Properties */,
				58F7F90518EC72BA00BAFC4F /* Images */,
				58F7F90718EC7A4A00BAFC4F /* Storyboards and Nibs */,
				58F7F87B18EB295C00BAFC4F /* Supporting Files */,
			);
			path = Ossabaw;
			sourceTree = "<group>";
		};
		58F7F87B18EB295C00BAFC4F /* Supporting Files */ = {
			isa = PBXGroup;
			children = (
				587B77CB191A00820014348D /* Images.xcassets */,
				58F7F87C18EB295C00BAFC4F /* Ossabaw-Info.plist */,
				58F7F87D18EB295C00BAFC4F /* InfoPlist.strings */,
				58F7F88018EB295C00BAFC4F /* main.m */,
				58F7F88218EB295C00BAFC4F /* Ossabaw-Prefix.pch */,
			);
			name = "Supporting Files";
			sourceTree = "<group>";
		};
		58F7F89C18EB295C00BAFC4F /* OssabawTests */ = {
			isa = PBXGroup;
			children = (
				58F7F8A218EB295C00BAFC4F /* OssabawTests.m */,
				58F7F89D18EB295C00BAFC4F /* Supporting Files */,
			);
			path = OssabawTests;
			sourceTree = "<group>";
		};
		58F7F89D18EB295C00BAFC4F /* Supporting Files */ = {
			isa = PBXGroup;
			children = (
				58F7F89E18EB295C00BAFC4F /* OssabawTests-Info.plist */,
				58F7F89F18EB295C00BAFC4F /* InfoPlist.strings */,
			);
			name = "Supporting Files";
			sourceTree = "<group>";
		};
		58F7F90518EC72BA00BAFC4F /* Images */ = {
			isa = PBXGroup;
			children = (
				587B77C71915FAB20014348D /* sky.png */,
				587B77C51914B1010014348D /* map_icon.png */,
				5848D2FA18F7C409006C13D9 /* UIBarButtonAdd_2x.png */,
				5848D2F818F7BB57006C13D9 /* UIBarButtonCamera_2x.png */,
				58F7F8DD18EC72B200BAFC4F /* alligators_icon.png */,
				58F7F8DE18EC72B200BAFC4F /* alligators.png */,
				58F7F8DF18EC72B200BAFC4F /* bg.png */,
				58F7F8E018EC72B200BAFC4F /* boardinghouse_icon.png */,
				58F7F8E118EC72B200BAFC4F /* boardinghouse.png */,
				58F7F8E218EC72B200BAFC4F /* clubhouse_icon.png */,
				587B77C91919FF660014348D /* sky_large.png */,
				58F7F8E318EC72B200BAFC4F /* clubhouse.png */,
				58F7F8E418EC72B200BAFC4F /* mainroad_icon.png */,
				58F7F8E518EC72B200BAFC4F /* mainroad.png */,
				58F7F8E618EC72B200BAFC4F /* map.png */,
				58F7F8E718EC72B300BAFC4F /* middlebeach_icon.png */,
				58F7F8E818EC72B300BAFC4F /* middlebeach.png */,
				58F7F8E918EC72B300BAFC4F /* middleplace_icon.png */,
				58F7F8EA18EC72B300BAFC4F /* middleplace.png */,
				58F7F8EB18EC72B300BAFC4F /* rookery_icon.png */,
				58F7F8EC18EC72B300BAFC4F /* rookery.png */,
				58F7F8ED18EC72B300BAFC4F /* slavetabbies_icon.png */,
				58F7F8EE18EC72B300BAFC4F /* slavetabbies.png */,
				58F7F8EF18EC72B300BAFC4F /* southbeach_icon.png */,
				58F7F8F018EC72B300BAFC4F /* southbeach.png */,
			);
			name = Images;
			sourceTree = "<group>";
		};
		58F7F90618EC7A3200BAFC4F /* Properties */ = {
			isa = PBXGroup;
			children = (
				58F7F8B018EC6D1400BAFC4F /* Places.plist */,
				58A0613018F8C5EC004959B0 /* User_Journal.plist */,
			);
			name = Properties;
			sourceTree = "<group>";
		};
		58F7F90718EC7A4A00BAFC4F /* Storyboards and Nibs */ = {
			isa = PBXGroup;
			children = (
				58F7F88618EB295C00BAFC4F /* Main.storyboard */,
				58B8B9A2190DD517009C8885 /* TableCell.xib */,
				58B28B3218EF99E700BBFCFE /* PlaceChildViewController.xib */,
			);
			name = "Storyboards and Nibs";
			sourceTree = "<group>";
		};
/* End PBXGroup section */

/* Begin PBXNativeTarget section */
		58F7F87018EB295C00BAFC4F /* Ossabaw */ = {
			isa = PBXNativeTarget;
			buildConfigurationList = 58F7F8A618EB295C00BAFC4F /* Build configuration list for PBXNativeTarget "Ossabaw" */;
			buildPhases = (
				60E0122A81AA4517B57D07C7 /* Check Pods Manifest.lock */,
				58F7F86D18EB295C00BAFC4F /* Sources */,
				58F7F86E18EB295C00BAFC4F /* Frameworks */,
				58F7F86F18EB295C00BAFC4F /* Resources */,
				7DEFB4B6067A4F39ABE78F71 /* Copy Pods Resources */,
			);
			buildRules = (
			);
			dependencies = (
			);
			name = Ossabaw;
			productName = Ossabaw;
			productReference = 58F7F87118EB295C00BAFC4F /* Ossabaw.app */;
			productType = "com.apple.product-type.application";
		};
		58F7F89418EB295C00BAFC4F /* OssabawTests */ = {
			isa = PBXNativeTarget;
			buildConfigurationList = 58F7F8A918EB295C00BAFC4F /* Build configuration list for PBXNativeTarget "OssabawTests" */;
			buildPhases = (
				58F7F89118EB295C00BAFC4F /* Sources */,
				58F7F89218EB295C00BAFC4F /* Frameworks */,
				58F7F89318EB295C00BAFC4F /* Resources */,
			);
			buildRules = (
			);
			dependencies = (
				58F7F89B18EB295C00BAFC4F /* PBXTargetDependency */,
			);
			name = OssabawTests;
			productName = OssabawTests;
			productReference = 58F7F89518EB295C00BAFC4F /* OssabawTests.xctest */;
			productType = "com.apple.product-type.bundle.unit-test";
		};
/* End PBXNativeTarget section */

/* Begin PBXProject section */
		58F7F86918EB295C00BAFC4F /* Project object */ = {
			isa = PBXProject;
			attributes = {
				LastUpgradeCheck = 0510;
				ORGANIZATIONNAME = "Dustin Schie";
				TargetAttributes = {
					58F7F87018EB295C00BAFC4F = {
						DevelopmentTeam = 4Y7TUJC52J;
					};
					58F7F89418EB295C00BAFC4F = {
						TestTargetID = 58F7F87018EB295C00BAFC4F;
					};
				};
			};
			buildConfigurationList = 58F7F86C18EB295C00BAFC4F /* Build configuration list for PBXProject "Ossabaw" */;
			compatibilityVersion = "Xcode 3.2";
			developmentRegion = English;
			hasScannedForEncodings = 0;
			knownRegions = (
				en,
				Base,
			);
			mainGroup = 58F7F86818EB295C00BAFC4F;
			productRefGroup = 58F7F87218EB295C00BAFC4F /* Products */;
			projectDirPath = "";
			projectRoot = "";
			targets = (
				58F7F87018EB295C00BAFC4F /* Ossabaw */,
				58F7F89418EB295C00BAFC4F /* OssabawTests */,
			);
		};
/* End PBXProject section */

/* Begin PBXResourcesBuildPhase section */
		58F7F86F18EB295C00BAFC4F /* Resources */ = {
			isa = PBXResourcesBuildPhase;
			buildActionMask = 2147483647;
			files = (
				58F7F90118EC72B300BAFC4F /* slavetabbies_icon.png in Resources */,
				587B77CC191A00820014348D /* Images.xcassets in Resources */,
				58F7F90218EC72B300BAFC4F /* slavetabbies.png in Resources */,
				58F7F90018EC72B300BAFC4F /* rookery.png in Resources */,
				58F7F8F218EC72B300BAFC4F /* alligators.png in Resources */,
				58F7F8B118EC6D1400BAFC4F /* Places.plist in Resources */,
				58F7F8F618EC72B300BAFC4F /* clubhouse_icon.png in Resources */,
				58F7F8FF18EC72B300BAFC4F /* rookery_icon.png in Resources */,
				58F7F8FC18EC72B300BAFC4F /* middlebeach.png in Resources */,
				5848D2FB18F7C409006C13D9 /* UIBarButtonAdd_2x.png in Resources */,
				58B28B3418EF99E700BBFCFE /* PlaceChildViewController.xib in Resources */,
				58F7F8FA18EC72B300BAFC4F /* map.png in Resources */,
				58F7F8FE18EC72B300BAFC4F /* middleplace.png in Resources */,
				587B77C81915FAB20014348D /* sky.png in Resources */,
				58A0613118F8C5EC004959B0 /* User_Journal.plist in Resources */,
				58F7F8FB18EC72B300BAFC4F /* middlebeach_icon.png in Resources */,
				58B8B9A4190DD518009C8885 /* TableCell.xib in Resources */,
				58F7F8FD18EC72B300BAFC4F /* middleplace_icon.png in Resources */,
				58F7F8F418EC72B300BAFC4F /* boardinghouse_icon.png in Resources */,
				587B77CA1919FF660014348D /* sky_large.png in Resources */,
				58F7F87F18EB295C00BAFC4F /* InfoPlist.strings in Resources */,
				5848D2F918F7BB57006C13D9 /* UIBarButtonCamera_2x.png in Resources */,
				58F7F8F518EC72B300BAFC4F /* boardinghouse.png in Resources */,
				58F7F8F718EC72B300BAFC4F /* clubhouse.png in Resources */,
				58F7F8F318EC72B300BAFC4F /* bg.png in Resources */,
				58F7F90318EC72B300BAFC4F /* southbeach_icon.png in Resources */,
				58F7F8F118EC72B300BAFC4F /* alligators_icon.png in Resources */,
				587B77C61914B1010014348D /* map_icon.png in Resources */,
				58F7F88818EB295C00BAFC4F /* Main.storyboard in Resources */,
				58F7F8F818EC72B300BAFC4F /* mainroad_icon.png in Resources */,
				58F7F8F918EC72B300BAFC4F /* mainroad.png in Resources */,
				58F7F90418EC72B300BAFC4F /* southbeach.png in Resources */,
			);
			runOnlyForDeploymentPostprocessing = 0;
		};
		58F7F89318EB295C00BAFC4F /* Resources */ = {
			isa = PBXResourcesBuildPhase;
			buildActionMask = 2147483647;
			files = (
				58F7F8A118EB295C00BAFC4F /* InfoPlist.strings in Resources */,
			);
			runOnlyForDeploymentPostprocessing = 0;
		};
/* End PBXResourcesBuildPhase section */

/* Begin PBXShellScriptBuildPhase section */
		60E0122A81AA4517B57D07C7 /* Check Pods Manifest.lock */ = {
			isa = PBXShellScriptBuildPhase;
			buildActionMask = 2147483647;
			files = (
			);
			inputPaths = (
			);
			name = "Check Pods Manifest.lock";
			outputPaths = (
			);
			runOnlyForDeploymentPostprocessing = 0;
			shellPath = /bin/sh;
			shellScript = "diff \"${PODS_ROOT}/../Podfile.lock\" \"${PODS_ROOT}/Manifest.lock\" > /dev/null\nif [[ $? != 0 ]] ; then\n    cat << EOM\nerror: The sandbox is not in sync with the Podfile.lock. Run 'pod install' or update your CocoaPods installation.\nEOM\n    exit 1\nfi\n";
			showEnvVarsInLog = 0;
		};
		7DEFB4B6067A4F39ABE78F71 /* Copy Pods Resources */ = {
			isa = PBXShellScriptBuildPhase;
			buildActionMask = 2147483647;
			files = (
			);
			inputPaths = (
			);
			name = "Copy Pods Resources";
			outputPaths = (
			);
			runOnlyForDeploymentPostprocessing = 0;
			shellPath = /bin/sh;
			shellScript = "\"${SRCROOT}/Pods/Pods-resources.sh\"\n";
			showEnvVarsInLog = 0;
		};
/* End PBXShellScriptBuildPhase section */

/* Begin PBXSourcesBuildPhase section */
		58F7F86D18EB295C00BAFC4F /* Sources */ = {
			isa = PBXSourcesBuildPhase;
			buildActionMask = 2147483647;
			files = (
				5831FAA119244BDC004C9390 /* BounceButtonView.m in Sources */,
				5831FA9919231211004C9390 /* ImageCollectionViewController.m in Sources */,
				587EDD8618F8212000634925 /* TableViewController.m in Sources */,
				58F7F88518EB295C00BAFC4F /* AppDelegate.m in Sources */,
				58F7F88B18EB295C00BAFC4F /* MapViewController.m in Sources */,
				58B28B3318EF99E700BBFCFE /* PlaceChildViewController.m in Sources */,
				5848D2F618F4EF2B006C13D9 /* JournalViewController.m in Sources */,
				586413FB18FC9A2300147180 /* JournalEntryMakerViewController.m in Sources */,
				58C47FC6190350FF006406E2 /* OssabawDataModel.xcdatamodeld in Sources */,
				58F7F88118EB295C00BAFC4F /* main.m in Sources */,
				58CB1CF518EFD5550098FEDE /* MapOverlayRenderer.m in Sources */,
				58A0613418F8CD67004959B0 /* WebViewController.m in Sources */,
				58B28B3718EF9DA300BBFCFE /* PlaceViewController.m in Sources */,
				58B8B9A3190DD518009C8885 /* TableCell.m in Sources */,
				58590E5B190CE32600CA58B3 /* Photo.m in Sources */,
				587B77C419148DB80014348D /* DropPinMapViewController.m in Sources */,
				587B77CF191A0B990014348D /* UIImage+ImageEffects.m in Sources */,
				58CB1CEC18EFCA850098FEDE /* MapOverlay.m in Sources */,
				58CE6D3A18ED0F7A00D80D83 /* MapAnnotation.m in Sources */,
				584B3BF7190D92C300006AB1 /* Journal.m in Sources */,
			);
			runOnlyForDeploymentPostprocessing = 0;
		};
		58F7F89118EB295C00BAFC4F /* Sources */ = {
			isa = PBXSourcesBuildPhase;
			buildActionMask = 2147483647;
			files = (
				58F7F8A318EB295C00BAFC4F /* OssabawTests.m in Sources */,
			);
			runOnlyForDeploymentPostprocessing = 0;
		};
/* End PBXSourcesBuildPhase section */

/* Begin PBXTargetDependency section */
		58F7F89B18EB295C00BAFC4F /* PBXTargetDependency */ = {
			isa = PBXTargetDependency;
			target = 58F7F87018EB295C00BAFC4F /* Ossabaw */;
			targetProxy = 58F7F89A18EB295C00BAFC4F /* PBXContainerItemProxy */;
		};
/* End PBXTargetDependency section */

/* Begin PBXVariantGroup section */
		58F7F87D18EB295C00BAFC4F /* InfoPlist.strings */ = {
			isa = PBXVariantGroup;
			children = (
				58F7F87E18EB295C00BAFC4F /* en */,
			);
			name = InfoPlist.strings;
			sourceTree = "<group>";
		};
		58F7F88618EB295C00BAFC4F /* Main.storyboard */ = {
			isa = PBXVariantGroup;
			children = (
				58F7F88718EB295C00BAFC4F /* Base */,
			);
			name = Main.storyboard;
			sourceTree = "<group>";
		};
		58F7F89F18EB295C00BAFC4F /* InfoPlist.strings */ = {
			isa = PBXVariantGroup;
			children = (
				58F7F8A018EB295C00BAFC4F /* en */,
			);
			name = InfoPlist.strings;
			sourceTree = "<group>";
		};
/* End PBXVariantGroup section */

/* Begin XCBuildConfiguration section */
		58F7F8A418EB295C00BAFC4F /* Debug */ = {
			isa = XCBuildConfiguration;
			buildSettings = {
				ALWAYS_SEARCH_USER_PATHS = NO;
				CLANG_CXX_LANGUAGE_STANDARD = "gnu++0x";
				CLANG_CXX_LIBRARY = "libc++";
				CLANG_ENABLE_MODULES = YES;
				CLANG_ENABLE_OBJC_ARC = YES;
				CLANG_WARN_BOOL_CONVERSION = YES;
				CLANG_WARN_CONSTANT_CONVERSION = YES;
				CLANG_WARN_DIRECT_OBJC_ISA_USAGE = YES_ERROR;
				CLANG_WARN_EMPTY_BODY = YES;
				CLANG_WARN_ENUM_CONVERSION = YES;
				CLANG_WARN_INT_CONVERSION = YES;
				CLANG_WARN_OBJC_ROOT_CLASS = YES_ERROR;
				CLANG_WARN__DUPLICATE_METHOD_MATCH = YES;
				"CODE_SIGN_IDENTITY[sdk=iphoneos*]" = "iPhone Developer";
				COPY_PHASE_STRIP = NO;
				GCC_C_LANGUAGE_STANDARD = gnu99;
				GCC_DYNAMIC_NO_PIC = NO;
				GCC_OPTIMIZATION_LEVEL = 0;
				GCC_PREPROCESSOR_DEFINITIONS = (
					"DEBUG=1",
					"$(inherited)",
				);
				GCC_SYMBOLS_PRIVATE_EXTERN = NO;
				GCC_WARN_64_TO_32_BIT_CONVERSION = YES;
				GCC_WARN_ABOUT_RETURN_TYPE = YES_ERROR;
				GCC_WARN_UNDECLARED_SELECTOR = YES;
				GCC_WARN_UNINITIALIZED_AUTOS = YES_AGGRESSIVE;
				GCC_WARN_UNUSED_FUNCTION = YES;
				GCC_WARN_UNUSED_VARIABLE = YES;
				IPHONEOS_DEPLOYMENT_TARGET = 7.1;
				ONLY_ACTIVE_ARCH = YES;
				SDKROOT = iphoneos;
			};
			name = Debug;
		};
		58F7F8A518EB295C00BAFC4F /* Release */ = {
			isa = XCBuildConfiguration;
			buildSettings = {
				ALWAYS_SEARCH_USER_PATHS = NO;
				CLANG_CXX_LANGUAGE_STANDARD = "gnu++0x";
				CLANG_CXX_LIBRARY = "libc++";
				CLANG_ENABLE_MODULES = YES;
				CLANG_ENABLE_OBJC_ARC = YES;
				CLANG_WARN_BOOL_CONVERSION = YES;
				CLANG_WARN_CONSTANT_CONVERSION = YES;
				CLANG_WARN_DIRECT_OBJC_ISA_USAGE = YES_ERROR;
				CLANG_WARN_EMPTY_BODY = YES;
				CLANG_WARN_ENUM_CONVERSION = YES;
				CLANG_WARN_INT_CONVERSION = YES;
				CLANG_WARN_OBJC_ROOT_CLASS = YES_ERROR;
				CLANG_WARN__DUPLICATE_METHOD_MATCH = YES;
				"CODE_SIGN_IDENTITY[sdk=iphoneos*]" = "iPhone Developer";
				COPY_PHASE_STRIP = YES;
				ENABLE_NS_ASSERTIONS = NO;
				GCC_C_LANGUAGE_STANDARD = gnu99;
				GCC_WARN_64_TO_32_BIT_CONVERSION = YES;
				GCC_WARN_ABOUT_RETURN_TYPE = YES_ERROR;
				GCC_WARN_UNDECLARED_SELECTOR = YES;
				GCC_WARN_UNINITIALIZED_AUTOS = YES_AGGRESSIVE;
				GCC_WARN_UNUSED_FUNCTION = YES;
				GCC_WARN_UNUSED_VARIABLE = YES;
				IPHONEOS_DEPLOYMENT_TARGET = 7.1;
				SDKROOT = iphoneos;
				VALIDATE_PRODUCT = YES;
			};
			name = Release;
		};
		58F7F8A718EB295C00BAFC4F /* Debug */ = {
			isa = XCBuildConfiguration;
			baseConfigurationReference = 96FF410898EF4A96ABAD71E5 /* Pods.xcconfig */;
			buildSettings = {
				ASSETCATALOG_COMPILER_APPICON_NAME = AppIcon;
				ASSETCATALOG_COMPILER_LAUNCHIMAGE_NAME = LaunchImage;
				CODE_SIGN_IDENTITY = "iPhone Developer";
				"CODE_SIGN_IDENTITY[sdk=iphoneos*]" = "iPhone Developer";
				GCC_PRECOMPILE_PREFIX_HEADER = YES;
				GCC_PREFIX_HEADER = "Ossabaw/Ossabaw-Prefix.pch";
				INFOPLIST_FILE = "Ossabaw/Ossabaw-Info.plist";
				PRODUCT_NAME = "$(TARGET_NAME)";
				PROVISIONING_PROFILE = "";
				WRAPPER_EXTENSION = app;
			};
			name = Debug;
		};
		58F7F8A818EB295C00BAFC4F /* Release */ = {
			isa = XCBuildConfiguration;
			baseConfigurationReference = 96FF410898EF4A96ABAD71E5 /* Pods.xcconfig */;
			buildSettings = {
				ASSETCATALOG_COMPILER_APPICON_NAME = AppIcon;
				ASSETCATALOG_COMPILER_LAUNCHIMAGE_NAME = LaunchImage;
				CODE_SIGN_IDENTITY = "iPhone Developer";
				"CODE_SIGN_IDENTITY[sdk=iphoneos*]" = "iPhone Developer";
				GCC_PRECOMPILE_PREFIX_HEADER = YES;
				GCC_PREFIX_HEADER = "Ossabaw/Ossabaw-Prefix.pch";
				INFOPLIST_FILE = "Ossabaw/Ossabaw-Info.plist";
				PRODUCT_NAME = "$(TARGET_NAME)";
				PROVISIONING_PROFILE = "";
				WRAPPER_EXTENSION = app;
			};
			name = Release;
		};
		58F7F8AA18EB295C00BAFC4F /* Debug */ = {
			isa = XCBuildConfiguration;
			buildSettings = {
				BUNDLE_LOADER = "$(BUILT_PRODUCTS_DIR)/Ossabaw.app/Ossabaw";
				FRAMEWORK_SEARCH_PATHS = (
					"$(SDKROOT)/Developer/Library/Frameworks",
					"$(inherited)",
					"$(DEVELOPER_FRAMEWORKS_DIR)",
				);
				GCC_PRECOMPILE_PREFIX_HEADER = YES;
				GCC_PREFIX_HEADER = "Ossabaw/Ossabaw-Prefix.pch";
				GCC_PREPROCESSOR_DEFINITIONS = (
					"DEBUG=1",
					"$(inherited)",
				);
				INFOPLIST_FILE = "OssabawTests/OssabawTests-Info.plist";
				PRODUCT_NAME = "$(TARGET_NAME)";
				TEST_HOST = "$(BUNDLE_LOADER)";
				WRAPPER_EXTENSION = xctest;
			};
			name = Debug;
		};
		58F7F8AB18EB295C00BAFC4F /* Release */ = {
			isa = XCBuildConfiguration;
			buildSettings = {
				BUNDLE_LOADER = "$(BUILT_PRODUCTS_DIR)/Ossabaw.app/Ossabaw";
				FRAMEWORK_SEARCH_PATHS = (
					"$(SDKROOT)/Developer/Library/Frameworks",
					"$(inherited)",
					"$(DEVELOPER_FRAMEWORKS_DIR)",
				);
				GCC_PRECOMPILE_PREFIX_HEADER = YES;
				GCC_PREFIX_HEADER = "Ossabaw/Ossabaw-Prefix.pch";
				INFOPLIST_FILE = "OssabawTests/OssabawTests-Info.plist";
				PRODUCT_NAME = "$(TARGET_NAME)";
				TEST_HOST = "$(BUNDLE_LOADER)";
				WRAPPER_EXTENSION = xctest;
			};
			name = Release;
		};
/* End XCBuildConfiguration section */

/* Begin XCConfigurationList section */
		58F7F86C18EB295C00BAFC4F /* Build configuration list for PBXProject "Ossabaw" */ = {
			isa = XCConfigurationList;
			buildConfigurations = (
				58F7F8A418EB295C00BAFC4F /* Debug */,
				58F7F8A518EB295C00BAFC4F /* Release */,
			);
			defaultConfigurationIsVisible = 0;
			defaultConfigurationName = Release;
		};
		58F7F8A618EB295C00BAFC4F /* Build configuration list for PBXNativeTarget "Ossabaw" */ = {
			isa = XCConfigurationList;
			buildConfigurations = (
				58F7F8A718EB295C00BAFC4F /* Debug */,
				58F7F8A818EB295C00BAFC4F /* Release */,
			);
			defaultConfigurationIsVisible = 0;
			defaultConfigurationName = Release;
		};
		58F7F8A918EB295C00BAFC4F /* Build configuration list for PBXNativeTarget "OssabawTests" */ = {
			isa = XCConfigurationList;
			buildConfigurations = (
				58F7F8AA18EB295C00BAFC4F /* Debug */,
				58F7F8AB18EB295C00BAFC4F /* Release */,
			);
			defaultConfigurationIsVisible = 0;
			defaultConfigurationName = Release;
		};
/* End XCConfigurationList section */

/* Begin XCVersionGroup section */
		58C47FC4190350FF006406E2 /* OssabawDataModel.xcdatamodeld */ = {
			isa = XCVersionGroup;
			children = (
				58C47FC5190350FF006406E2 /* OssabawDataModel.xcdatamodel */,
			);
			currentVersion = 58C47FC5190350FF006406E2 /* OssabawDataModel.xcdatamodel */;
			path = OssabawDataModel.xcdatamodeld;
			sourceTree = "<group>";
			versionGroupType = wrapper.xcdatamodel;
		};
/* End XCVersionGroup section */
	};
	rootObject = 58F7F86918EB295C00BAFC4F /* Project object */;
}
